PODS:
  - PKHUD (3.1.0)
  - Realm (0.102.1):
    - Realm/Headers (= 0.102.1)
  - Realm/Headers (0.102.1)
  - RealmSwift (0.102.1):
    - Realm (= 0.102.1)
  - UITextField+Shake (1.1.2)

DEPENDENCIES:
  - PKHUD (~> 3.1.0)
  - RealmSwift
  - UITextField+Shake (~> 1.1.2)

SPEC CHECKSUMS:
  PKHUD: 4167eccdb1b3a892fd80ce2b51cb6ba412a889ab
  Realm: 5254be610db3e5024879684717bf038990bb59ec
  RealmSwift: 3e24e6bcf56d98ccc134f4909e00839b81a659af
  UITextField+Shake: 47cc0429dafb3da580686339ad2da091249a8ea2

PODFILE CHECKSUM: c2c8ec1f783f3e58024d6d4abc9c93fd0ff20f03

COCOAPODS: 1.0.0
